// !$*UTF8*$!
{
	archiveVersion = 1;
	classes = {
	};
	objectVersion = 48;
	objects = {

/* Begin PBXBuildFile section */
		E5015DC72079C846005CA7A0 /* PortfolioViewController.swift in Sources */ = {isa = PBXBuildFile; fileRef = E5015DC62079C846005CA7A0 /* PortfolioViewController.swift */; };
		E5015DCD207AB3A6005CA7A0 /* TwoColumnsTableViewCell.swift in Sources */ = {isa = PBXBuildFile; fileRef = E5015DCC207AB3A6005CA7A0 /* TwoColumnsTableViewCell.swift */; };
		E5015DCF207BBE72005CA7A0 /* PortfolioPopUpViewController.swift in Sources */ = {isa = PBXBuildFile; fileRef = E5015DCE207BBE72005CA7A0 /* PortfolioPopUpViewController.swift */; };
		E5015DD1207D17F8005CA7A0 /* RssParser.swift in Sources */ = {isa = PBXBuildFile; fileRef = E5015DD0207D17F8005CA7A0 /* RssParser.swift */; };
		E50FC4AF2079C1CB00774872 /* HomeViewController.swift in Sources */ = {isa = PBXBuildFile; fileRef = E50FC4AE2079C1CB00774872 /* HomeViewController.swift */; };
		E57C00F020324D0100F18E8B /* AppDelegate.swift in Sources */ = {isa = PBXBuildFile; fileRef = E57C00EF20324D0100F18E8B /* AppDelegate.swift */; };
		E57C00F520324D0100F18E8B /* Main.storyboard in Resources */ = {isa = PBXBuildFile; fileRef = E57C00F320324D0100F18E8B /* Main.storyboard */; };
		E57C00F720324D0100F18E8B /* Assets.xcassets in Resources */ = {isa = PBXBuildFile; fileRef = E57C00F620324D0100F18E8B /* Assets.xcassets */; };
		E5841B0D2077C49200CEC900 /* SettingsTableViewController.swift in Sources */ = {isa = PBXBuildFile; fileRef = E5841B0C2077C49200CEC900 /* SettingsTableViewController.swift */; };
		E5C247042076A88700311D6F /* Constants.swift in Sources */ = {isa = PBXBuildFile; fileRef = E5C247032076A88700311D6F /* Constants.swift */; };
		E5DADFAF207D35F4008B89BC /* RssViewController.swift in Sources */ = {isa = PBXBuildFile; fileRef = E5DADFAE207D35F4008B89BC /* RssViewController.swift */; };
		E5DADFB1207D3B50008B89BC /* RssItemTableViewCell.swift in Sources */ = {isa = PBXBuildFile; fileRef = E5DADFB0207D3B50008B89BC /* RssItemTableViewCell.swift */; };
		E5DADFB3207D4CD3008B89BC /* SettingWrapperViewController.swift in Sources */ = {isa = PBXBuildFile; fileRef = E5DADFB2207D4CD3008B89BC /* SettingWrapperViewController.swift */; };
		E5DADFB5207D564B008B89BC /* RssItemDetailsViewController.swift in Sources */ = {isa = PBXBuildFile; fileRef = E5DADFB4207D564B008B89BC /* RssItemDetailsViewController.swift */; };
		E5DADFB7207E6678008B89BC /* ThreeColumnsTableViewCell.swift in Sources */ = {isa = PBXBuildFile; fileRef = E5DADFB6207E6678008B89BC /* ThreeColumnsTableViewCell.swift */; };
		E5DADFBB207E9C4A008B89BC /* LaunchScreen.storyboard in Resources */ = {isa = PBXBuildFile; fileRef = E5DADFBA207E9C4A008B89BC /* LaunchScreen.storyboard */; };
		E5FC2985207467F70036A504 /* GoogleMobileAds.framework in Frameworks */ = {isa = PBXBuildFile; fileRef = E5FC2984207467F70036A504 /* GoogleMobileAds.framework */; };
/* End PBXBuildFile section */

/* Begin PBXFileReference section */
		7226830DCDA72A8710C9E0F1 /* Pods-CoinPrices.release.xcconfig */ = {isa = PBXFileReference; includeInIndex = 1; lastKnownFileType = text.xcconfig; name = "Pods-CoinPrices.release.xcconfig"; path = "Pods/Target Support Files/Pods-CoinPrices/Pods-CoinPrices.release.xcconfig"; sourceTree = "<group>"; };
		B48075F771E436AB93E6AB3E /* Pods-CoinPrices.debug.xcconfig */ = {isa = PBXFileReference; includeInIndex = 1; lastKnownFileType = text.xcconfig; name = "Pods-CoinPrices.debug.xcconfig"; path = "Pods/Target Support Files/Pods-CoinPrices/Pods-CoinPrices.debug.xcconfig"; sourceTree = "<group>"; };
		E5015DC62079C846005CA7A0 /* PortfolioViewController.swift */ = {isa = PBXFileReference; lastKnownFileType = sourcecode.swift; path = PortfolioViewController.swift; sourceTree = "<group>"; };
		E5015DCC207AB3A6005CA7A0 /* TwoColumnsTableViewCell.swift */ = {isa = PBXFileReference; lastKnownFileType = sourcecode.swift; path = TwoColumnsTableViewCell.swift; sourceTree = "<group>"; };
		E5015DCE207BBE72005CA7A0 /* PortfolioPopUpViewController.swift */ = {isa = PBXFileReference; lastKnownFileType = sourcecode.swift; path = PortfolioPopUpViewController.swift; sourceTree = "<group>"; };
		E5015DD0207D17F8005CA7A0 /* RssParser.swift */ = {isa = PBXFileReference; lastKnownFileType = sourcecode.swift; path = RssParser.swift; sourceTree = "<group>"; };
		E50FC4AE2079C1CB00774872 /* HomeViewController.swift */ = {isa = PBXFileReference; lastKnownFileType = sourcecode.swift; path = HomeViewController.swift; sourceTree = "<group>"; };
		E57C00EC20324D0100F18E8B /* CoinPrices.app */ = {isa = PBXFileReference; explicitFileType = wrapper.application; includeInIndex = 0; path = CoinPrices.app; sourceTree = BUILT_PRODUCTS_DIR; };
		E57C00EF20324D0100F18E8B /* AppDelegate.swift */ = {isa = PBXFileReference; lastKnownFileType = sourcecode.swift; path = AppDelegate.swift; sourceTree = "<group>"; };
		E57C00F420324D0100F18E8B /* Base */ = {isa = PBXFileReference; lastKnownFileType = file.storyboard; name = Base; path = Base.lproj/Main.storyboard; sourceTree = "<group>"; };
		E57C00F620324D0100F18E8B /* Assets.xcassets */ = {isa = PBXFileReference; lastKnownFileType = folder.assetcatalog; path = Assets.xcassets; sourceTree = "<group>"; };
		E57C00FB20324D0100F18E8B /* Info.plist */ = {isa = PBXFileReference; lastKnownFileType = text.plist.xml; path = Info.plist; sourceTree = "<group>"; };
		E5841B0C2077C49200CEC900 /* SettingsTableViewController.swift */ = {isa = PBXFileReference; lastKnownFileType = sourcecode.swift; path = SettingsTableViewController.swift; sourceTree = "<group>"; };
		E5C247032076A88700311D6F /* Constants.swift */ = {isa = PBXFileReference; lastKnownFileType = sourcecode.swift; path = Constants.swift; sourceTree = "<group>"; };
		E5DADFAE207D35F4008B89BC /* RssViewController.swift */ = {isa = PBXFileReference; lastKnownFileType = sourcecode.swift; path = RssViewController.swift; sourceTree = "<group>"; };
		E5DADFB0207D3B50008B89BC /* RssItemTableViewCell.swift */ = {isa = PBXFileReference; lastKnownFileType = sourcecode.swift; path = RssItemTableViewCell.swift; sourceTree = "<group>"; };
		E5DADFB2207D4CD3008B89BC /* SettingWrapperViewController.swift */ = {isa = PBXFileReference; lastKnownFileType = sourcecode.swift; path = SettingWrapperViewController.swift; sourceTree = "<group>"; };
		E5DADFB4207D564B008B89BC /* RssItemDetailsViewController.swift */ = {isa = PBXFileReference; lastKnownFileType = sourcecode.swift; path = RssItemDetailsViewController.swift; sourceTree = "<group>"; };
		E5DADFB6207E6678008B89BC /* ThreeColumnsTableViewCell.swift */ = {isa = PBXFileReference; lastKnownFileType = sourcecode.swift; path = ThreeColumnsTableViewCell.swift; sourceTree = "<group>"; };
		E5DADFBA207E9C4A008B89BC /* LaunchScreen.storyboard */ = {isa = PBXFileReference; lastKnownFileType = file.storyboard; path = LaunchScreen.storyboard; sourceTree = "<group>"; };
		E5FC2984207467F70036A504 /* GoogleMobileAds.framework */ = {isa = PBXFileReference; lastKnownFileType = wrapper.framework; path = GoogleMobileAds.framework; sourceTree = "<group>"; };
/* End PBXFileReference section */

/* Begin PBXFrameworksBuildPhase section */
		E57C00E920324D0100F18E8B /* Frameworks */ = {
			isa = PBXFrameworksBuildPhase;
			buildActionMask = 2147483647;
			files = (
				E5FC2985207467F70036A504 /* GoogleMobileAds.framework in Frameworks */,
			);
			runOnlyForDeploymentPostprocessing = 0;
		};
/* End PBXFrameworksBuildPhase section */

/* Begin PBXGroup section */
		0862290602745D6F7207AFB6 /* Frameworks */ = {
			isa = PBXGroup;
			children = (
			);
			name = Frameworks;
			sourceTree = "<group>";
		};
		205F58BA30BB36AF4D6AC892 /* Pods */ = {
			isa = PBXGroup;
			children = (
				B48075F771E436AB93E6AB3E /* Pods-CoinPrices.debug.xcconfig */,
				7226830DCDA72A8710C9E0F1 /* Pods-CoinPrices.release.xcconfig */,
			);
			name = Pods;
			sourceTree = "<group>";
		};
		E57C00E320324D0100F18E8B = {
			isa = PBXGroup;
			children = (
				E57C00EE20324D0100F18E8B /* CoinPrices */,
				E57C00ED20324D0100F18E8B /* Products */,
				205F58BA30BB36AF4D6AC892 /* Pods */,
				0862290602745D6F7207AFB6 /* Frameworks */,
			);
			sourceTree = "<group>";
		};
		E57C00ED20324D0100F18E8B /* Products */ = {
			isa = PBXGroup;
			children = (
				E57C00EC20324D0100F18E8B /* CoinPrices.app */,
			);
			name = Products;
			sourceTree = "<group>";
		};
		E57C00EE20324D0100F18E8B /* CoinPrices */ = {
			isa = PBXGroup;
			children = (
				E57C00EF20324D0100F18E8B /* AppDelegate.swift */,
				E57C00F620324D0100F18E8B /* Assets.xcassets */,
				E5C247032076A88700311D6F /* Constants.swift */,
				E5FC2984207467F70036A504 /* GoogleMobileAds.framework */,
				E50FC4AE2079C1CB00774872 /* HomeViewController.swift */,
				E57C00FB20324D0100F18E8B /* Info.plist */,
				E5DADFBA207E9C4A008B89BC /* LaunchScreen.storyboard */,
				E57C00F320324D0100F18E8B /* Main.storyboard */,
				E5015DCE207BBE72005CA7A0 /* PortfolioPopUpViewController.swift */,
				E5015DC62079C846005CA7A0 /* PortfolioViewController.swift */,
				E5DADFB4207D564B008B89BC /* RssItemDetailsViewController.swift */,
				E5DADFB0207D3B50008B89BC /* RssItemTableViewCell.swift */,
				E5015DD0207D17F8005CA7A0 /* RssParser.swift */,
				E5DADFAE207D35F4008B89BC /* RssViewController.swift */,
				E5841B0C2077C49200CEC900 /* SettingsTableViewController.swift */,
				E5DADFB2207D4CD3008B89BC /* SettingWrapperViewController.swift */,
				E5DADFB6207E6678008B89BC /* ThreeColumnsTableViewCell.swift */,
				E5015DCC207AB3A6005CA7A0 /* TwoColumnsTableViewCell.swift */,
			);
			path = CoinPrices;
			sourceTree = "<group>";
		};
/* End PBXGroup section */

/* Begin PBXNativeTarget section */
		E57C00EB20324D0100F18E8B /* CoinPrices */ = {
			isa = PBXNativeTarget;
			buildConfigurationList = E57C010920324D0100F18E8B /* Build configuration list for PBXNativeTarget "CoinPrices" */;
			buildPhases = (
				0BBD2A9A3C2A6422202E7B29 /* [CP] Check Pods Manifest.lock */,
				E57C00E820324D0100F18E8B /* Sources */,
				E57C00E920324D0100F18E8B /* Frameworks */,
				E57C00EA20324D0100F18E8B /* Resources */,
				58376C7FDD87922AB0968636 /* [CP] Embed Pods Frameworks */,
				FD596AFEC0718925CABC16D2 /* [CP] Copy Pods Resources */,
			);
			buildRules = (
			);
			dependencies = (
			);
			name = CoinPrices;
			productName = FoodTracker;
			productReference = E57C00EC20324D0100F18E8B /* CoinPrices.app */;
			productType = "com.apple.product-type.application";
		};
/* End PBXNativeTarget section */

/* Begin PBXProject section */
		E57C00E420324D0100F18E8B /* Project object */ = {
			isa = PBXProject;
			attributes = {
				LastSwiftUpdateCheck = 0920;
				LastUpgradeCheck = 0940;
				ORGANIZATIONNAME = "Jijun Lu";
				TargetAttributes = {
					E57C00EB20324D0100F18E8B = {
						CreatedOnToolsVersion = 9.2;
						ProvisioningStyle = Automatic;
					};
				};
			};
			buildConfigurationList = E57C00E720324D0100F18E8B /* Build configuration list for PBXProject "CoinPrices" */;
			compatibilityVersion = "Xcode 8.0";
			developmentRegion = en;
			hasScannedForEncodings = 0;
			knownRegions = (
				en,
				Base,
			);
			mainGroup = E57C00E320324D0100F18E8B;
			productRefGroup = E57C00ED20324D0100F18E8B /* Products */;
			projectDirPath = "";
			projectRoot = "";
			targets = (
				E57C00EB20324D0100F18E8B /* CoinPrices */,
			);
		};
/* End PBXProject section */

/* Begin PBXResourcesBuildPhase section */
		E57C00EA20324D0100F18E8B /* Resources */ = {
			isa = PBXResourcesBuildPhase;
			buildActionMask = 2147483647;
			files = (
				E5DADFBB207E9C4A008B89BC /* LaunchScreen.storyboard in Resources */,
				E57C00F720324D0100F18E8B /* Assets.xcassets in Resources */,
				E57C00F520324D0100F18E8B /* Main.storyboard in Resources */,
			);
			runOnlyForDeploymentPostprocessing = 0;
		};
/* End PBXResourcesBuildPhase section */

/* Begin PBXShellScriptBuildPhase section */
		0BBD2A9A3C2A6422202E7B29 /* [CP] Check Pods Manifest.lock */ = {
			isa = PBXShellScriptBuildPhase;
			buildActionMask = 2147483647;
			files = (
			);
			inputPaths = (
				"${PODS_PODFILE_DIR_PATH}/Podfile.lock",
				"${PODS_ROOT}/Manifest.lock",
			);
			name = "[CP] Check Pods Manifest.lock";
			outputPaths = (
				"$(DERIVED_FILE_DIR)/Pods-CoinPrices-checkManifestLockResult.txt",
			);
			runOnlyForDeploymentPostprocessing = 0;
			shellPath = /bin/sh;
			shellScript = "diff \"${PODS_PODFILE_DIR_PATH}/Podfile.lock\" \"${PODS_ROOT}/Manifest.lock\" > /dev/null\nif [ $? != 0 ] ; then\n    # print error to STDERR\n    echo \"error: The sandbox is not in sync with the Podfile.lock. Run 'pod install' or update your CocoaPods installation.\" >&2\n    exit 1\nfi\n# This output is used by Xcode 'outputs' to avoid re-running this script phase.\necho \"SUCCESS\" > \"${SCRIPT_OUTPUT_FILE_0}\"\n";
			showEnvVarsInLog = 0;
		};
		58376C7FDD87922AB0968636 /* [CP] Embed Pods Frameworks */ = {
			isa = PBXShellScriptBuildPhase;
			buildActionMask = 2147483647;
			files = (
			);
			inputPaths = (
			);
			name = "[CP] Embed Pods Frameworks";
			outputPaths = (
			);
			runOnlyForDeploymentPostprocessing = 0;
			shellPath = /bin/sh;
			shellScript = "\"${SRCROOT}/Pods/Target Support Files/Pods-CoinPrices/Pods-CoinPrices-frameworks.sh\"\n";
			showEnvVarsInLog = 0;
		};
		FD596AFEC0718925CABC16D2 /* [CP] Copy Pods Resources */ = {
			isa = PBXShellScriptBuildPhase;
			buildActionMask = 2147483647;
			files = (
			);
			inputPaths = (
			);
			name = "[CP] Copy Pods Resources";
			outputPaths = (
			);
			runOnlyForDeploymentPostprocessing = 0;
			shellPath = /bin/sh;
			shellScript = "\"${SRCROOT}/Pods/Target Support Files/Pods-CoinPrices/Pods-CoinPrices-resources.sh\"\n";
			showEnvVarsInLog = 0;
		};
/* End PBXShellScriptBuildPhase section */

/* Begin PBXSourcesBuildPhase section */
		E57C00E820324D0100F18E8B /* Sources */ = {
			isa = PBXSourcesBuildPhase;
			buildActionMask = 2147483647;
			files = (
				E5DADFB7207E6678008B89BC /* ThreeColumnsTableViewCell.swift in Sources */,
				E50FC4AF2079C1CB00774872 /* HomeViewController.swift in Sources */,
				E5015DC72079C846005CA7A0 /* PortfolioViewController.swift in Sources */,
				E5DADFB3207D4CD3008B89BC /* SettingWrapperViewController.swift in Sources */,
				E5841B0D2077C49200CEC900 /* SettingsTableViewController.swift in Sources */,
				E5DADFB1207D3B50008B89BC /* RssItemTableViewCell.swift in Sources */,
				E5015DCD207AB3A6005CA7A0 /* TwoColumnsTableViewCell.swift in Sources */,
				E5015DD1207D17F8005CA7A0 /* RssParser.swift in Sources */,
				E5DADFAF207D35F4008B89BC /* RssViewController.swift in Sources */,
				E57C00F020324D0100F18E8B /* AppDelegate.swift in Sources */,
				E5DADFB5207D564B008B89BC /* RssItemDetailsViewController.swift in Sources */,
				E5015DCF207BBE72005CA7A0 /* PortfolioPopUpViewController.swift in Sources */,
				E5C247042076A88700311D6F /* Constants.swift in Sources */,
			);
			runOnlyForDeploymentPostprocessing = 0;
		};
/* End PBXSourcesBuildPhase section */

/* Begin PBXVariantGroup section */
		E57C00F320324D0100F18E8B /* Main.storyboard */ = {
			isa = PBXVariantGroup;
			children = (
				E57C00F420324D0100F18E8B /* Base */,
			);
			name = Main.storyboard;
			sourceTree = "<group>";
		};
/* End PBXVariantGroup section */

/* Begin XCBuildConfiguration section */
		E57C010720324D0100F18E8B /* Debug */ = {
			isa = XCBuildConfiguration;
			buildSettings = {
				ALWAYS_SEARCH_USER_PATHS = NO;
				CLANG_ANALYZER_NONNULL = YES;
				CLANG_ANALYZER_NUMBER_OBJECT_CONVERSION = YES_AGGRESSIVE;
				CLANG_CXX_LANGUAGE_STANDARD = "gnu++14";
				CLANG_CXX_LIBRARY = "libc++";
				CLANG_ENABLE_MODULES = YES;
				CLANG_ENABLE_OBJC_ARC = YES;
				CLANG_WARN_BLOCK_CAPTURE_AUTORELEASING = YES;
				CLANG_WARN_BOOL_CONVERSION = YES;
				CLANG_WARN_COMMA = YES;
				CLANG_WARN_CONSTANT_CONVERSION = YES;
				CLANG_WARN_DEPRECATED_OBJC_IMPLEMENTATIONS = YES;
				CLANG_WARN_DIRECT_OBJC_ISA_USAGE = YES_ERROR;
				CLANG_WARN_DOCUMENTATION_COMMENTS = YES;
				CLANG_WARN_EMPTY_BODY = YES;
				CLANG_WARN_ENUM_CONVERSION = YES;
				CLANG_WARN_INFINITE_RECURSION = YES;
				CLANG_WARN_INT_CONVERSION = YES;
				CLANG_WARN_NON_LITERAL_NULL_CONVERSION = YES;
				CLANG_WARN_OBJC_IMPLICIT_RETAIN_SELF = YES;
				CLANG_WARN_OBJC_LITERAL_CONVERSION = YES;
				CLANG_WARN_OBJC_ROOT_CLASS = YES_ERROR;
				CLANG_WARN_RANGE_LOOP_ANALYSIS = YES;
				CLANG_WARN_STRICT_PROTOTYPES = YES;
				CLANG_WARN_SUSPICIOUS_MOVE = YES;
				CLANG_WARN_UNGUARDED_AVAILABILITY = YES_AGGRESSIVE;
				CLANG_WARN_UNREACHABLE_CODE = YES;
				CLANG_WARN__DUPLICATE_METHOD_MATCH = YES;
				CODE_SIGN_IDENTITY = "iPhone Developer";
				COPY_PHASE_STRIP = NO;
				DEBUG_INFORMATION_FORMAT = dwarf;
				ENABLE_STRICT_OBJC_MSGSEND = YES;
				ENABLE_TESTABILITY = YES;
				GCC_C_LANGUAGE_STANDARD = gnu11;
				GCC_DYNAMIC_NO_PIC = NO;
				GCC_NO_COMMON_BLOCKS = YES;
				GCC_OPTIMIZATION_LEVEL = 0;
				GCC_PREPROCESSOR_DEFINITIONS = (
					"DEBUG=1",
					"$(inherited)",
				);
				GCC_WARN_64_TO_32_BIT_CONVERSION = YES;
				GCC_WARN_ABOUT_RETURN_TYPE = YES_ERROR;
				GCC_WARN_UNDECLARED_SELECTOR = YES;
				GCC_WARN_UNINITIALIZED_AUTOS = YES_AGGRESSIVE;
				GCC_WARN_UNUSED_FUNCTION = YES;
				GCC_WARN_UNUSED_VARIABLE = YES;
				IPHONEOS_DEPLOYMENT_TARGET = 11.2;
				MTL_ENABLE_DEBUG_INFO = YES;
				ONLY_ACTIVE_ARCH = YES;
				SDKROOT = iphoneos;
				SWIFT_ACTIVE_COMPILATION_CONDITIONS = DEBUG;
				SWIFT_OPTIMIZATION_LEVEL = "-Onone";
			};
			name = Debug;
		};
		E57C010820324D0100F18E8B /* Release */ = {
			isa = XCBuildConfiguration;
			buildSettings = {
				ALWAYS_SEARCH_USER_PATHS = NO;
				CLANG_ANALYZER_NONNULL = YES;
				CLANG_ANALYZER_NUMBER_OBJECT_CONVERSION = YES_AGGRESSIVE;
				CLANG_CXX_LANGUAGE_STANDARD = "gnu++14";
				CLANG_CXX_LIBRARY = "libc++";
				CLANG_ENABLE_MODULES = YES;
				CLANG_ENABLE_OBJC_ARC = YES;
				CLANG_WARN_BLOCK_CAPTURE_AUTORELEASING = YES;
				CLANG_WARN_BOOL_CONVERSION = YES;
				CLANG_WARN_COMMA = YES;
				CLANG_WARN_CONSTANT_CONVERSION = YES;
				CLANG_WARN_DEPRECATED_OBJC_IMPLEMENTATIONS = YES;
				CLANG_WARN_DIRECT_OBJC_ISA_USAGE = YES_ERROR;
				CLANG_WARN_DOCUMENTATION_COMMENTS = YES;
				CLANG_WARN_EMPTY_BODY = YES;
				CLANG_WARN_ENUM_CONVERSION = YES;
				CLANG_WARN_INFINITE_RECURSION = YES;
				CLANG_WARN_INT_CONVERSION = YES;
				CLANG_WARN_NON_LITERAL_NULL_CONVERSION = YES;
				CLANG_WARN_OBJC_IMPLICIT_RETAIN_SELF = YES;
				CLANG_WARN_OBJC_LITERAL_CONVERSION = YES;
				CLANG_WARN_OBJC_ROOT_CLASS = YES_ERROR;
				CLANG_WARN_RANGE_LOOP_ANALYSIS = YES;
				CLANG_WARN_STRICT_PROTOTYPES = YES;
				CLANG_WARN_SUSPICIOUS_MOVE = YES;
				CLANG_WARN_UNGUARDED_AVAILABILITY = YES_AGGRESSIVE;
				CLANG_WARN_UNREACHABLE_CODE = YES;
				CLANG_WARN__DUPLICATE_METHOD_MATCH = YES;
				CODE_SIGN_IDENTITY = "iPhone Developer";
				COPY_PHASE_STRIP = NO;
				DEBUG_INFORMATION_FORMAT = "dwarf-with-dsym";
				ENABLE_NS_ASSERTIONS = NO;
				ENABLE_STRICT_OBJC_MSGSEND = YES;
				GCC_C_LANGUAGE_STANDARD = gnu11;
				GCC_NO_COMMON_BLOCKS = YES;
				GCC_WARN_64_TO_32_BIT_CONVERSION = YES;
				GCC_WARN_ABOUT_RETURN_TYPE = YES_ERROR;
				GCC_WARN_UNDECLARED_SELECTOR = YES;
				GCC_WARN_UNINITIALIZED_AUTOS = YES_AGGRESSIVE;
				GCC_WARN_UNUSED_FUNCTION = YES;
				GCC_WARN_UNUSED_VARIABLE = YES;
				IPHONEOS_DEPLOYMENT_TARGET = 11.2;
				MTL_ENABLE_DEBUG_INFO = NO;
				SDKROOT = iphoneos;
				SWIFT_OPTIMIZATION_LEVEL = "-Owholemodule";
				VALIDATE_PRODUCT = YES;
			};
			name = Release;
		};
		E57C010A20324D0100F18E8B /* Debug */ = {
			isa = XCBuildConfiguration;
			baseConfigurationReference = B48075F771E436AB93E6AB3E /* Pods-CoinPrices.debug.xcconfig */;
			buildSettings = {
				ASSETCATALOG_COMPILER_APPICON_NAME = AppIcon;
				CODE_SIGN_STYLE = Automatic;
				DEVELOPMENT_TEAM = 7BAH7VG3Y6;
				FRAMEWORK_SEARCH_PATHS = (
					"$(inherited)",
					"$(PROJECT_DIR)",
					"$(PROJECT_DIR)/CoinPrices",
				);
				INFOPLIST_FILE = CoinPrices/Info.plist;
				LD_RUNPATH_SEARCH_PATHS = "$(inherited) @executable_path/Frameworks";
				PRODUCT_BUNDLE_IDENTIFIER = com.jijunlu.J3;
				PRODUCT_NAME = "$(TARGET_NAME)";
				SWIFT_VERSION = 4.0;
				TARGETED_DEVICE_FAMILY = "1,2";
			};
			name = Debug;
		};
		E57C010B20324D0100F18E8B /* Release */ = {
			isa = XCBuildConfiguration;
			baseConfigurationReference = 7226830DCDA72A8710C9E0F1 /* Pods-CoinPrices.release.xcconfig */;
			buildSettings = {
				ASSETCATALOG_COMPILER_APPICON_NAME = AppIcon;
				CODE_SIGN_STYLE = Automatic;
				DEVELOPMENT_TEAM = 7BAH7VG3Y6;
				FRAMEWORK_SEARCH_PATHS = (
					"$(inherited)",
					"$(PROJECT_DIR)",
					"$(PROJECT_DIR)/CoinPrices",
				);
				INFOPLIST_FILE = CoinPrices/Info.plist;
				LD_RUNPATH_SEARCH_PATHS = "$(inherited) @executable_path/Frameworks";
				PRODUCT_BUNDLE_IDENTIFIER = com.jijunlu.J3;
				PRODUCT_NAME = "$(TARGET_NAME)";
				SWIFT_VERSION = 4.0;
				TARGETED_DEVICE_FAMILY = "1,2";
			};
			name = Release;
		};
/* End XCBuildConfiguration section */

/* Begin XCConfigurationList section */
		E57C00E720324D0100F18E8B /* Build configuration list for PBXProject "CoinPrices" */ = {
			isa = XCConfigurationList;
			buildConfigurations = (
				E57C010720324D0100F18E8B /* Debug */,
				E57C010820324D0100F18E8B /* Release */,
			);
			defaultConfigurationIsVisible = 0;
			defaultConfigurationName = Release;
		};
		E57C010920324D0100F18E8B /* Build configuration list for PBXNativeTarget "CoinPrices" */ = {
			isa = XCConfigurationList;
			buildConfigurations = (
				E57C010A20324D0100F18E8B /* Debug */,
				E57C010B20324D0100F18E8B /* Release */,
			);
			defaultConfigurationIsVisible = 0;
			defaultConfigurationName = Release;
		};
/* End XCConfigurationList section */
	};
	rootObject = E57C00E420324D0100F18E8B /* Project object */;
}
